// !$*UTF8*$!
{
	archiveVersion = 1;
	classes = {
	};
	objectVersion = 56;
	objects = {

/* Begin PBXBuildFile section */
		F5944E1A2C902EEF00972F05 /* CategoryResult+CoreDataClass.swift in Sources */ = {isa = PBXBuildFile; fileRef = F5944E182C902EEF00972F05 /* CategoryResult+CoreDataClass.swift */; };
		F5944E1B2C902EEF00972F05 /* CategoryResult+CoreDataProperties.swift in Sources */ = {isa = PBXBuildFile; fileRef = F5944E192C902EEF00972F05 /* CategoryResult+CoreDataProperties.swift */; };
		F5A416382C8EDD2700E6D9D4 /* Assessment+CoreDataClass.swift in Sources */ = {isa = PBXBuildFile; fileRef = F5A416362C8EDD2700E6D9D4 /* Assessment+CoreDataClass.swift */; };
		F5A416392C8EDD2700E6D9D4 /* Assessment+CoreDataProperties.swift in Sources */ = {isa = PBXBuildFile; fileRef = F5A416372C8EDD2700E6D9D4 /* Assessment+CoreDataProperties.swift */; };
		F5AFE2A82C7674EF00D06DB7 /* ColorExtension.swift in Sources */ = {isa = PBXBuildFile; fileRef = F5AFE2A72C7674EF00D06DB7 /* ColorExtension.swift */; };
		F5AFE2AB2C7870EA00D06DB7 /* Question+CoreDataClass.swift in Sources */ = {isa = PBXBuildFile; fileRef = F5AFE2A92C7870EA00D06DB7 /* Question+CoreDataClass.swift */; };
		F5AFE2AC2C7870EA00D06DB7 /* Question+CoreDataProperties.swift in Sources */ = {isa = PBXBuildFile; fileRef = F5AFE2AA2C7870EA00D06DB7 /* Question+CoreDataProperties.swift */; };
		F5E905B52C7308EE00C0B794 /* ProofYourHealthApp.swift in Sources */ = {isa = PBXBuildFile; fileRef = F5E905B42C7308EE00C0B794 /* ProofYourHealthApp.swift */; };
		F5E905B72C7308EE00C0B794 /* HistoryView.swift in Sources */ = {isa = PBXBuildFile; fileRef = F5E905B62C7308EE00C0B794 /* HistoryView.swift */; };
		F5E905B92C7308F000C0B794 /* Assets.xcassets in Resources */ = {isa = PBXBuildFile; fileRef = F5E905B82C7308F000C0B794 /* Assets.xcassets */; };
		F5E905BC2C7308F000C0B794 /* Preview Assets.xcassets in Resources */ = {isa = PBXBuildFile; fileRef = F5E905BB2C7308F000C0B794 /* Preview Assets.xcassets */; };
		F5E905BE2C7308F000C0B794 /* Persistence.swift in Sources */ = {isa = PBXBuildFile; fileRef = F5E905BD2C7308F000C0B794 /* Persistence.swift */; };
		F5E905C12C7308F000C0B794 /* ProofYourHealth.xcdatamodeld in Sources */ = {isa = PBXBuildFile; fileRef = F5E905BF2C7308F000C0B794 /* ProofYourHealth.xcdatamodeld */; };
		F5E905CB2C7308F000C0B794 /* ProofYourHealthTests.swift in Sources */ = {isa = PBXBuildFile; fileRef = F5E905CA2C7308F000C0B794 /* ProofYourHealthTests.swift */; };
		F5E905D52C7308F000C0B794 /* ProofYourHealthUITests.swift in Sources */ = {isa = PBXBuildFile; fileRef = F5E905D42C7308F000C0B794 /* ProofYourHealthUITests.swift */; };
		F5E905D72C7308F000C0B794 /* ProofYourHealthUITestsLaunchTests.swift in Sources */ = {isa = PBXBuildFile; fileRef = F5E905D62C7308F000C0B794 /* ProofYourHealthUITestsLaunchTests.swift */; };
		F5E905E42C7309D300C0B794 /* GreetingView.swift in Sources */ = {isa = PBXBuildFile; fileRef = F5E905E32C7309D300C0B794 /* GreetingView.swift */; };
		F5E905E62C7309EC00C0B794 /* QuestionView.swift in Sources */ = {isa = PBXBuildFile; fileRef = F5E905E52C7309EC00C0B794 /* QuestionView.swift */; };
		F5E905E82C730A1400C0B794 /* ResultView.swift in Sources */ = {isa = PBXBuildFile; fileRef = F5E905E72C730A1400C0B794 /* ResultView.swift */; };
		F5E905EA2C730A7D00C0B794 /* LoginView.swift in Sources */ = {isa = PBXBuildFile; fileRef = F5E905E92C730A7D00C0B794 /* LoginView.swift */; };
/* End PBXBuildFile section */

/* Begin PBXContainerItemProxy section */
		F5E905C72C7308F000C0B794 /* PBXContainerItemProxy */ = {
			isa = PBXContainerItemProxy;
			containerPortal = F5E905A92C7308EE00C0B794 /* Project object */;
			proxyType = 1;
			remoteGlobalIDString = F5E905B02C7308EE00C0B794;
			remoteInfo = ProofYourHealth;
		};
		F5E905D12C7308F000C0B794 /* PBXContainerItemProxy */ = {
			isa = PBXContainerItemProxy;
			containerPortal = F5E905A92C7308EE00C0B794 /* Project object */;
			proxyType = 1;
			remoteGlobalIDString = F5E905B02C7308EE00C0B794;
			remoteInfo = ProofYourHealth;
		};
/* End PBXContainerItemProxy section */

/* Begin PBXFileReference section */
		F5944E182C902EEF00972F05 /* CategoryResult+CoreDataClass.swift */ = {isa = PBXFileReference; lastKnownFileType = sourcecode.swift; path = "CategoryResult+CoreDataClass.swift"; sourceTree = "<group>"; };
		F5944E192C902EEF00972F05 /* CategoryResult+CoreDataProperties.swift */ = {isa = PBXFileReference; lastKnownFileType = sourcecode.swift; path = "CategoryResult+CoreDataProperties.swift"; sourceTree = "<group>"; };
		F5A416362C8EDD2700E6D9D4 /* Assessment+CoreDataClass.swift */ = {isa = PBXFileReference; lastKnownFileType = sourcecode.swift; path = "Assessment+CoreDataClass.swift"; sourceTree = "<group>"; };
		F5A416372C8EDD2700E6D9D4 /* Assessment+CoreDataProperties.swift */ = {isa = PBXFileReference; lastKnownFileType = sourcecode.swift; path = "Assessment+CoreDataProperties.swift"; sourceTree = "<group>"; };
		F5AFE2A72C7674EF00D06DB7 /* ColorExtension.swift */ = {isa = PBXFileReference; lastKnownFileType = sourcecode.swift; path = ColorExtension.swift; sourceTree = "<group>"; };
		F5AFE2A92C7870EA00D06DB7 /* Question+CoreDataClass.swift */ = {isa = PBXFileReference; lastKnownFileType = sourcecode.swift; path = "Question+CoreDataClass.swift"; sourceTree = "<group>"; };
		F5AFE2AA2C7870EA00D06DB7 /* Question+CoreDataProperties.swift */ = {isa = PBXFileReference; lastKnownFileType = sourcecode.swift; path = "Question+CoreDataProperties.swift"; sourceTree = "<group>"; };
		F5E905B12C7308EE00C0B794 /* ProofYourHealth.app */ = {isa = PBXFileReference; explicitFileType = wrapper.application; includeInIndex = 0; path = ProofYourHealth.app; sourceTree = BUILT_PRODUCTS_DIR; };
		F5E905B42C7308EE00C0B794 /* ProofYourHealthApp.swift */ = {isa = PBXFileReference; lastKnownFileType = sourcecode.swift; path = ProofYourHealthApp.swift; sourceTree = "<group>"; };
		F5E905B62C7308EE00C0B794 /* HistoryView.swift */ = {isa = PBXFileReference; lastKnownFileType = sourcecode.swift; path = HistoryView.swift; sourceTree = "<group>"; };
		F5E905B82C7308F000C0B794 /* Assets.xcassets */ = {isa = PBXFileReference; lastKnownFileType = folder.assetcatalog; path = Assets.xcassets; sourceTree = "<group>"; };
		F5E905BB2C7308F000C0B794 /* Preview Assets.xcassets */ = {isa = PBXFileReference; lastKnownFileType = folder.assetcatalog; path = "Preview Assets.xcassets"; sourceTree = "<group>"; };
		F5E905BD2C7308F000C0B794 /* Persistence.swift */ = {isa = PBXFileReference; lastKnownFileType = sourcecode.swift; path = Persistence.swift; sourceTree = "<group>"; };
		F5E905C02C7308F000C0B794 /* ProofYourHealth.xcdatamodel */ = {isa = PBXFileReference; lastKnownFileType = wrapper.xcdatamodel; path = ProofYourHealth.xcdatamodel; sourceTree = "<group>"; };
		F5E905C62C7308F000C0B794 /* ProofYourHealthTests.xctest */ = {isa = PBXFileReference; explicitFileType = wrapper.cfbundle; includeInIndex = 0; path = ProofYourHealthTests.xctest; sourceTree = BUILT_PRODUCTS_DIR; };
		F5E905CA2C7308F000C0B794 /* ProofYourHealthTests.swift */ = {isa = PBXFileReference; lastKnownFileType = sourcecode.swift; path = ProofYourHealthTests.swift; sourceTree = "<group>"; };
		F5E905D02C7308F000C0B794 /* ProofYourHealthUITests.xctest */ = {isa = PBXFileReference; explicitFileType = wrapper.cfbundle; includeInIndex = 0; path = ProofYourHealthUITests.xctest; sourceTree = BUILT_PRODUCTS_DIR; };
		F5E905D42C7308F000C0B794 /* ProofYourHealthUITests.swift */ = {isa = PBXFileReference; lastKnownFileType = sourcecode.swift; path = ProofYourHealthUITests.swift; sourceTree = "<group>"; };
		F5E905D62C7308F000C0B794 /* ProofYourHealthUITestsLaunchTests.swift */ = {isa = PBXFileReference; lastKnownFileType = sourcecode.swift; path = ProofYourHealthUITestsLaunchTests.swift; sourceTree = "<group>"; };
		F5E905E32C7309D300C0B794 /* GreetingView.swift */ = {isa = PBXFileReference; lastKnownFileType = sourcecode.swift; path = GreetingView.swift; sourceTree = "<group>"; };
		F5E905E52C7309EC00C0B794 /* QuestionView.swift */ = {isa = PBXFileReference; lastKnownFileType = sourcecode.swift; path = QuestionView.swift; sourceTree = "<group>"; };
		F5E905E72C730A1400C0B794 /* ResultView.swift */ = {isa = PBXFileReference; lastKnownFileType = sourcecode.swift; path = ResultView.swift; sourceTree = "<group>"; };
		F5E905E92C730A7D00C0B794 /* LoginView.swift */ = {isa = PBXFileReference; lastKnownFileType = sourcecode.swift; path = LoginView.swift; sourceTree = "<group>"; };
/* End PBXFileReference section */

/* Begin PBXFrameworksBuildPhase section */
		F5E905AE2C7308EE00C0B794 /* Frameworks */ = {
			isa = PBXFrameworksBuildPhase;
			buildActionMask = 2147483647;
			files = (
			);
			runOnlyForDeploymentPostprocessing = 0;
		};
		F5E905C32C7308F000C0B794 /* Frameworks */ = {
			isa = PBXFrameworksBuildPhase;
			buildActionMask = 2147483647;
			files = (
			);
			runOnlyForDeploymentPostprocessing = 0;
		};
		F5E905CD2C7308F000C0B794 /* Frameworks */ = {
			isa = PBXFrameworksBuildPhase;
			buildActionMask = 2147483647;
			files = (
			);
			runOnlyForDeploymentPostprocessing = 0;
		};
/* End PBXFrameworksBuildPhase section */

/* Begin PBXGroup section */
		F5E905A82C7308EE00C0B794 = {
			isa = PBXGroup;
			children = (
				F5944E182C902EEF00972F05 /* CategoryResult+CoreDataClass.swift */,
				F5944E192C902EEF00972F05 /* CategoryResult+CoreDataProperties.swift */,
				F5A416362C8EDD2700E6D9D4 /* Assessment+CoreDataClass.swift */,
				F5A416372C8EDD2700E6D9D4 /* Assessment+CoreDataProperties.swift */,
				F5AFE2A92C7870EA00D06DB7 /* Question+CoreDataClass.swift */,
				F5AFE2AA2C7870EA00D06DB7 /* Question+CoreDataProperties.swift */,
				F5E905B32C7308EE00C0B794 /* ProofYourHealth */,
				F5E905C92C7308F000C0B794 /* ProofYourHealthTests */,
				F5E905D32C7308F000C0B794 /* ProofYourHealthUITests */,
				F5E905B22C7308EE00C0B794 /* Products */,
			);
			sourceTree = "<group>";
		};
		F5E905B22C7308EE00C0B794 /* Products */ = {
			isa = PBXGroup;
			children = (
				F5E905B12C7308EE00C0B794 /* ProofYourHealth.app */,
				F5E905C62C7308F000C0B794 /* ProofYourHealthTests.xctest */,
				F5E905D02C7308F000C0B794 /* ProofYourHealthUITests.xctest */,
			);
			name = Products;
			sourceTree = "<group>";
		};
		F5E905B32C7308EE00C0B794 /* ProofYourHealth */ = {
			isa = PBXGroup;
			children = (
				F5E905B42C7308EE00C0B794 /* ProofYourHealthApp.swift */,
				F5E905E92C730A7D00C0B794 /* LoginView.swift */,
				F5E905E32C7309D300C0B794 /* GreetingView.swift */,
				F5E905E52C7309EC00C0B794 /* QuestionView.swift */,
				F5E905E72C730A1400C0B794 /* ResultView.swift */,
				F5E905B62C7308EE00C0B794 /* HistoryView.swift */,
				F5E905B82C7308F000C0B794 /* Assets.xcassets */,
				F5E905BF2C7308F000C0B794 /* ProofYourHealth.xcdatamodeld */,
				F5AFE2A72C7674EF00D06DB7 /* ColorExtension.swift */,
				F5E905BD2C7308F000C0B794 /* Persistence.swift */,
				F5E905BA2C7308F000C0B794 /* Preview Content */,
			);
			path = ProofYourHealth;
			sourceTree = "<group>";
		};
		F5E905BA2C7308F000C0B794 /* Preview Content */ = {
			isa = PBXGroup;
			children = (
				F5E905BB2C7308F000C0B794 /* Preview Assets.xcassets */,
			);
			path = "Preview Content";
			sourceTree = "<group>";
		};
		F5E905C92C7308F000C0B794 /* ProofYourHealthTests */ = {
			isa = PBXGroup;
			children = (
				F5E905CA2C7308F000C0B794 /* ProofYourHealthTests.swift */,
			);
			path = ProofYourHealthTests;
			sourceTree = "<group>";
		};
		F5E905D32C7308F000C0B794 /* ProofYourHealthUITests */ = {
			isa = PBXGroup;
			children = (
				F5E905D42C7308F000C0B794 /* ProofYourHealthUITests.swift */,
				F5E905D62C7308F000C0B794 /* ProofYourHealthUITestsLaunchTests.swift */,
			);
			path = ProofYourHealthUITests;
			sourceTree = "<group>";
		};
/* End PBXGroup section */

/* Begin PBXNativeTarget section */
		F5E905B02C7308EE00C0B794 /* ProofYourHealth */ = {
			isa = PBXNativeTarget;
			buildConfigurationList = F5E905DA2C7308F000C0B794 /* Build configuration list for PBXNativeTarget "ProofYourHealth" */;
			buildPhases = (
				F5E905AD2C7308EE00C0B794 /* Sources */,
				F5E905AE2C7308EE00C0B794 /* Frameworks */,
				F5E905AF2C7308EE00C0B794 /* Resources */,
			);
			buildRules = (
			);
			dependencies = (
			);
			name = ProofYourHealth;
			productName = ProofYourHealth;
			productReference = F5E905B12C7308EE00C0B794 /* ProofYourHealth.app */;
			productType = "com.apple.product-type.application";
		};
		F5E905C52C7308F000C0B794 /* ProofYourHealthTests */ = {
			isa = PBXNativeTarget;
			buildConfigurationList = F5E905DD2C7308F000C0B794 /* Build configuration list for PBXNativeTarget "ProofYourHealthTests" */;
			buildPhases = (
				F5E905C22C7308F000C0B794 /* Sources */,
				F5E905C32C7308F000C0B794 /* Frameworks */,
				F5E905C42C7308F000C0B794 /* Resources */,
			);
			buildRules = (
			);
			dependencies = (
				F5E905C82C7308F000C0B794 /* PBXTargetDependency */,
			);
			name = ProofYourHealthTests;
			productName = ProofYourHealthTests;
			productReference = F5E905C62C7308F000C0B794 /* ProofYourHealthTests.xctest */;
			productType = "com.apple.product-type.bundle.unit-test";
		};
		F5E905CF2C7308F000C0B794 /* ProofYourHealthUITests */ = {
			isa = PBXNativeTarget;
			buildConfigurationList = F5E905E02C7308F000C0B794 /* Build configuration list for PBXNativeTarget "ProofYourHealthUITests" */;
			buildPhases = (
				F5E905CC2C7308F000C0B794 /* Sources */,
				F5E905CD2C7308F000C0B794 /* Frameworks */,
				F5E905CE2C7308F000C0B794 /* Resources */,
			);
			buildRules = (
			);
			dependencies = (
				F5E905D22C7308F000C0B794 /* PBXTargetDependency */,
			);
			name = ProofYourHealthUITests;
			productName = ProofYourHealthUITests;
			productReference = F5E905D02C7308F000C0B794 /* ProofYourHealthUITests.xctest */;
			productType = "com.apple.product-type.bundle.ui-testing";
		};
/* End PBXNativeTarget section */

/* Begin PBXProject section */
		F5E905A92C7308EE00C0B794 /* Project object */ = {
			isa = PBXProject;
			attributes = {
				BuildIndependentTargetsInParallel = 1;
				LastSwiftUpdateCheck = 1540;
				LastUpgradeCheck = 1540;
				TargetAttributes = {
					F5E905B02C7308EE00C0B794 = {
						CreatedOnToolsVersion = 15.4;
					};
					F5E905C52C7308F000C0B794 = {
						CreatedOnToolsVersion = 15.4;
						TestTargetID = F5E905B02C7308EE00C0B794;
					};
					F5E905CF2C7308F000C0B794 = {
						CreatedOnToolsVersion = 15.4;
						TestTargetID = F5E905B02C7308EE00C0B794;
					};
				};
			};
			buildConfigurationList = F5E905AC2C7308EE00C0B794 /* Build configuration list for PBXProject "ProofYourHealth" */;
			compatibilityVersion = "Xcode 14.0";
			developmentRegion = en;
			hasScannedForEncodings = 0;
			knownRegions = (
				en,
				Base,
			);
			mainGroup = F5E905A82C7308EE00C0B794;
			productRefGroup = F5E905B22C7308EE00C0B794 /* Products */;
			projectDirPath = "";
			projectRoot = "";
			targets = (
				F5E905B02C7308EE00C0B794 /* ProofYourHealth */,
				F5E905C52C7308F000C0B794 /* ProofYourHealthTests */,
				F5E905CF2C7308F000C0B794 /* ProofYourHealthUITests */,
			);
		};
/* End PBXProject section */

/* Begin PBXResourcesBuildPhase section */
		F5E905AF2C7308EE00C0B794 /* Resources */ = {
			isa = PBXResourcesBuildPhase;
			buildActionMask = 2147483647;
			files = (
				F5E905BC2C7308F000C0B794 /* Preview Assets.xcassets in Resources */,
				F5E905B92C7308F000C0B794 /* Assets.xcassets in Resources */,
			);
			runOnlyForDeploymentPostprocessing = 0;
		};
		F5E905C42C7308F000C0B794 /* Resources */ = {
			isa = PBXResourcesBuildPhase;
			buildActionMask = 2147483647;
			files = (
			);
			runOnlyForDeploymentPostprocessing = 0;
		};
		F5E905CE2C7308F000C0B794 /* Resources */ = {
			isa = PBXResourcesBuildPhase;
			buildActionMask = 2147483647;
			files = (
			);
			runOnlyForDeploymentPostprocessing = 0;
		};
/* End PBXResourcesBuildPhase section */

/* Begin PBXSourcesBuildPhase section */
		F5E905AD2C7308EE00C0B794 /* Sources */ = {
			isa = PBXSourcesBuildPhase;
			buildActionMask = 2147483647;
			files = (
				F5E905BE2C7308F000C0B794 /* Persistence.swift in Sources */,
				F5E905B72C7308EE00C0B794 /* HistoryView.swift in Sources */,
				F5E905B52C7308EE00C0B794 /* ProofYourHealthApp.swift in Sources */,
				F5AFE2A82C7674EF00D06DB7 /* ColorExtension.swift in Sources */,
				F5AFE2AB2C7870EA00D06DB7 /* Question+CoreDataClass.swift in Sources */,
				F5AFE2AC2C7870EA00D06DB7 /* Question+CoreDataProperties.swift in Sources */,
				F5E905E42C7309D300C0B794 /* GreetingView.swift in Sources */,
				F5E905E62C7309EC00C0B794 /* QuestionView.swift in Sources */,
				F5E905E82C730A1400C0B794 /* ResultView.swift in Sources */,
				F5E905EA2C730A7D00C0B794 /* LoginView.swift in Sources */,
				F5A416382C8EDD2700E6D9D4 /* Assessment+CoreDataClass.swift in Sources */,
				F5A416392C8EDD2700E6D9D4 /* Assessment+CoreDataProperties.swift in Sources */,
				F5944E1A2C902EEF00972F05 /* CategoryResult+CoreDataClass.swift in Sources */,
				F5944E1B2C902EEF00972F05 /* CategoryResult+CoreDataProperties.swift in Sources */,
				F5E905C12C7308F000C0B794 /* ProofYourHealth.xcdatamodeld in Sources */,
			);
			runOnlyForDeploymentPostprocessing = 0;
		};
		F5E905C22C7308F000C0B794 /* Sources */ = {
			isa = PBXSourcesBuildPhase;
			buildActionMask = 2147483647;
			files = (
				F5E905CB2C7308F000C0B794 /* ProofYourHealthTests.swift in Sources */,
			);
			runOnlyForDeploymentPostprocessing = 0;
		};
		F5E905CC2C7308F000C0B794 /* Sources */ = {
			isa = PBXSourcesBuildPhase;
			buildActionMask = 2147483647;
			files = (
				F5E905D72C7308F000C0B794 /* ProofYourHealthUITestsLaunchTests.swift in Sources */,
				F5E905D52C7308F000C0B794 /* ProofYourHealthUITests.swift in Sources */,
			);
			runOnlyForDeploymentPostprocessing = 0;
		};
/* End PBXSourcesBuildPhase section */

/* Begin PBXTargetDependency section */
		F5E905C82C7308F000C0B794 /* PBXTargetDependency */ = {
			isa = PBXTargetDependency;
			target = F5E905B02C7308EE00C0B794 /* ProofYourHealth */;
			targetProxy = F5E905C72C7308F000C0B794 /* PBXContainerItemProxy */;
		};
		F5E905D22C7308F000C0B794 /* PBXTargetDependency */ = {
			isa = PBXTargetDependency;
			target = F5E905B02C7308EE00C0B794 /* ProofYourHealth */;
			targetProxy = F5E905D12C7308F000C0B794 /* PBXContainerItemProxy */;
		};
/* End PBXTargetDependency section */

/* Begin XCBuildConfiguration section */
		F5E905D82C7308F000C0B794 /* Debug */ = {
			isa = XCBuildConfiguration;
			buildSettings = {
				ALWAYS_SEARCH_USER_PATHS = NO;
				ASSETCATALOG_COMPILER_GENERATE_SWIFT_ASSET_SYMBOL_EXTENSIONS = YES;
				CLANG_ANALYZER_NONNULL = YES;
				CLANG_ANALYZER_NUMBER_OBJECT_CONVERSION = YES_AGGRESSIVE;
				CLANG_CXX_LANGUAGE_STANDARD = "gnu++20";
				CLANG_ENABLE_MODULES = YES;
				CLANG_ENABLE_OBJC_ARC = YES;
				CLANG_ENABLE_OBJC_WEAK = YES;
				CLANG_WARN_BLOCK_CAPTURE_AUTORELEASING = YES;
				CLANG_WARN_BOOL_CONVERSION = YES;
				CLANG_WARN_COMMA = YES;
				CLANG_WARN_CONSTANT_CONVERSION = YES;
				CLANG_WARN_DEPRECATED_OBJC_IMPLEMENTATIONS = YES;
				CLANG_WARN_DIRECT_OBJC_ISA_USAGE = YES_ERROR;
				CLANG_WARN_DOCUMENTATION_COMMENTS = YES;
				CLANG_WARN_EMPTY_BODY = YES;
				CLANG_WARN_ENUM_CONVERSION = YES;
				CLANG_WARN_INFINITE_RECURSION = YES;
				CLANG_WARN_INT_CONVERSION = YES;
				CLANG_WARN_NON_LITERAL_NULL_CONVERSION = YES;
				CLANG_WARN_OBJC_IMPLICIT_RETAIN_SELF = YES;
				CLANG_WARN_OBJC_LITERAL_CONVERSION = YES;
				CLANG_WARN_OBJC_ROOT_CLASS = YES_ERROR;
				CLANG_WARN_QUOTED_INCLUDE_IN_FRAMEWORK_HEADER = YES;
				CLANG_WARN_RANGE_LOOP_ANALYSIS = YES;
				CLANG_WARN_STRICT_PROTOTYPES = YES;
				CLANG_WARN_SUSPICIOUS_MOVE = YES;
				CLANG_WARN_UNGUARDED_AVAILABILITY = YES_AGGRESSIVE;
				CLANG_WARN_UNREACHABLE_CODE = YES;
				CLANG_WARN__DUPLICATE_METHOD_MATCH = YES;
				COPY_PHASE_STRIP = NO;
				DEBUG_INFORMATION_FORMAT = dwarf;
				ENABLE_STRICT_OBJC_MSGSEND = YES;
				ENABLE_TESTABILITY = YES;
				ENABLE_USER_SCRIPT_SANDBOXING = YES;
				GCC_C_LANGUAGE_STANDARD = gnu17;
				GCC_DYNAMIC_NO_PIC = NO;
				GCC_NO_COMMON_BLOCKS = YES;
				GCC_OPTIMIZATION_LEVEL = 0;
				GCC_PREPROCESSOR_DEFINITIONS = (
					"DEBUG=1",
					"$(inherited)",
				);
				GCC_WARN_64_TO_32_BIT_CONVERSION = YES;
				GCC_WARN_ABOUT_RETURN_TYPE = YES_ERROR;
				GCC_WARN_UNDECLARED_SELECTOR = YES;
				GCC_WARN_UNINITIALIZED_AUTOS = YES_AGGRESSIVE;
				GCC_WARN_UNUSED_FUNCTION = YES;
				GCC_WARN_UNUSED_VARIABLE = YES;
				IPHONEOS_DEPLOYMENT_TARGET = 17.5;
				LOCALIZATION_PREFERS_STRING_CATALOGS = YES;
				MTL_ENABLE_DEBUG_INFO = INCLUDE_SOURCE;
				MTL_FAST_MATH = YES;
				ONLY_ACTIVE_ARCH = YES;
				SDKROOT = iphoneos;
				SWIFT_ACTIVE_COMPILATION_CONDITIONS = "DEBUG $(inherited)";
				SWIFT_OPTIMIZATION_LEVEL = "-Onone";
			};
			name = Debug;
		};
		F5E905D92C7308F000C0B794 /* Release */ = {
			isa = XCBuildConfiguration;
			buildSettings = {
				ALWAYS_SEARCH_USER_PATHS = NO;
				ASSETCATALOG_COMPILER_GENERATE_SWIFT_ASSET_SYMBOL_EXTENSIONS = YES;
				CLANG_ANALYZER_NONNULL = YES;
				CLANG_ANALYZER_NUMBER_OBJECT_CONVERSION = YES_AGGRESSIVE;
				CLANG_CXX_LANGUAGE_STANDARD = "gnu++20";
				CLANG_ENABLE_MODULES = YES;
				CLANG_ENABLE_OBJC_ARC = YES;
				CLANG_ENABLE_OBJC_WEAK = YES;
				CLANG_WARN_BLOCK_CAPTURE_AUTORELEASING = YES;
				CLANG_WARN_BOOL_CONVERSION = YES;
				CLANG_WARN_COMMA = YES;
				CLANG_WARN_CONSTANT_CONVERSION = YES;
				CLANG_WARN_DEPRECATED_OBJC_IMPLEMENTATIONS = YES;
				CLANG_WARN_DIRECT_OBJC_ISA_USAGE = YES_ERROR;
				CLANG_WARN_DOCUMENTATION_COMMENTS = YES;
				CLANG_WARN_EMPTY_BODY = YES;
				CLANG_WARN_ENUM_CONVERSION = YES;
				CLANG_WARN_INFINITE_RECURSION = YES;
				CLANG_WARN_INT_CONVERSION = YES;
				CLANG_WARN_NON_LITERAL_NULL_CONVERSION = YES;
				CLANG_WARN_OBJC_IMPLICIT_RETAIN_SELF = YES;
				CLANG_WARN_OBJC_LITERAL_CONVERSION = YES;
				CLANG_WARN_OBJC_ROOT_CLASS = YES_ERROR;
				CLANG_WARN_QUOTED_INCLUDE_IN_FRAMEWORK_HEADER = YES;
				CLANG_WARN_RANGE_LOOP_ANALYSIS = YES;
				CLANG_WARN_STRICT_PROTOTYPES = YES;
				CLANG_WARN_SUSPICIOUS_MOVE = YES;
				CLANG_WARN_UNGUARDED_AVAILABILITY = YES_AGGRESSIVE;
				CLANG_WARN_UNREACHABLE_CODE = YES;
				CLANG_WARN__DUPLICATE_METHOD_MATCH = YES;
				COPY_PHASE_STRIP = NO;
				DEBUG_INFORMATION_FORMAT = "dwarf-with-dsym";
				ENABLE_NS_ASSERTIONS = NO;
				ENABLE_STRICT_OBJC_MSGSEND = YES;
				ENABLE_USER_SCRIPT_SANDBOXING = YES;
				GCC_C_LANGUAGE_STANDARD = gnu17;
				GCC_NO_COMMON_BLOCKS = YES;
				GCC_WARN_64_TO_32_BIT_CONVERSION = YES;
				GCC_WARN_ABOUT_RETURN_TYPE = YES_ERROR;
				GCC_WARN_UNDECLARED_SELECTOR = YES;
				GCC_WARN_UNINITIALIZED_AUTOS = YES_AGGRESSIVE;
				GCC_WARN_UNUSED_FUNCTION = YES;
				GCC_WARN_UNUSED_VARIABLE = YES;
				IPHONEOS_DEPLOYMENT_TARGET = 17.5;
				LOCALIZATION_PREFERS_STRING_CATALOGS = YES;
				MTL_ENABLE_DEBUG_INFO = NO;
				MTL_FAST_MATH = YES;
				SDKROOT = iphoneos;
				SWIFT_COMPILATION_MODE = wholemodule;
				VALIDATE_PRODUCT = YES;
			};
			name = Release;
		};
		F5E905DB2C7308F000C0B794 /* Debug */ = {
			isa = XCBuildConfiguration;
			buildSettings = {
				ASSETCATALOG_COMPILER_APPICON_NAME = AppIcon;
				ASSETCATALOG_COMPILER_GLOBAL_ACCENT_COLOR_NAME = AccentColor;
				CODE_SIGN_STYLE = Automatic;
				CURRENT_PROJECT_VERSION = 1;
				DEVELOPMENT_ASSET_PATHS = "\"ProofYourHealth/Preview Content\"";
				ENABLE_PREVIEWS = YES;
				GENERATE_INFOPLIST_FILE = YES;
				INFOPLIST_KEY_UIApplicationSceneManifest_Generation = YES;
				INFOPLIST_KEY_UIApplicationSupportsIndirectInputEvents = YES;
				INFOPLIST_KEY_UILaunchScreen_Generation = YES;
				INFOPLIST_KEY_UISupportedInterfaceOrientations_iPad = "UIInterfaceOrientationPortrait UIInterfaceOrientationPortraitUpsideDown UIInterfaceOrientationLandscapeLeft UIInterfaceOrientationLandscapeRight";
				INFOPLIST_KEY_UISupportedInterfaceOrientations_iPhone = "UIInterfaceOrientationPortrait UIInterfaceOrientationLandscapeLeft UIInterfaceOrientationLandscapeRight";
				LD_RUNPATH_SEARCH_PATHS = (
					"$(inherited)",
					"@executable_path/Frameworks",
				);
				MARKETING_VERSION = 1.0;
				PRODUCT_BUNDLE_IDENTIFIER = nicole.ProofYourHealth;
				PRODUCT_NAME = "$(TARGET_NAME)";
				SWIFT_EMIT_LOC_STRINGS = YES;
				SWIFT_VERSION = 5.0;
				TARGETED_DEVICE_FAMILY = "1,2";
			};
			name = Debug;
		};
		F5E905DC2C7308F000C0B794 /* Release */ = {
			isa = XCBuildConfiguration;
			buildSettings = {
				ASSETCATALOG_COMPILER_APPICON_NAME = AppIcon;
				ASSETCATALOG_COMPILER_GLOBAL_ACCENT_COLOR_NAME = AccentColor;
				CODE_SIGN_STYLE = Automatic;
				CURRENT_PROJECT_VERSION = 1;
				DEVELOPMENT_ASSET_PATHS = "\"ProofYourHealth/Preview Content\"";
				ENABLE_PREVIEWS = YES;
				GENERATE_INFOPLIST_FILE = YES;
				INFOPLIST_KEY_UIApplicationSceneManifest_Generation = YES;
				INFOPLIST_KEY_UIApplicationSupportsIndirectInputEvents = YES;
				INFOPLIST_KEY_UILaunchScreen_Generation = YES;
				INFOPLIST_KEY_UISupportedInterfaceOrientations_iPad = "UIInterfaceOrientationPortrait UIInterfaceOrientationPortraitUpsideDown UIInterfaceOrientationLandscapeLeft UIInterfaceOrientationLandscapeRight";
				INFOPLIST_KEY_UISupportedInterfaceOrientations_iPhone = "UIInterfaceOrientationPortrait UIInterfaceOrientationLandscapeLeft UIInterfaceOrientationLandscapeRight";
				LD_RUNPATH_SEARCH_PATHS = (
					"$(inherited)",
					"@executable_path/Frameworks",
				);
				MARKETING_VERSION = 1.0;
				PRODUCT_BUNDLE_IDENTIFIER = nicole.ProofYourHealth;
				PRODUCT_NAME = "$(TARGET_NAME)";
				SWIFT_EMIT_LOC_STRINGS = YES;
				SWIFT_VERSION = 5.0;
				TARGETED_DEVICE_FAMILY = "1,2";
			};
			name = Release;
		};
		F5E905DE2C7308F000C0B794 /* Debug */ = {
			isa = XCBuildConfiguration;
			buildSettings = {
				ALWAYS_EMBED_SWIFT_STANDARD_LIBRARIES = YES;
				BUNDLE_LOADER = "$(TEST_HOST)";
				CODE_SIGN_STYLE = Automatic;
				CURRENT_PROJECT_VERSION = 1;
				GENERATE_INFOPLIST_FILE = YES;
				IPHONEOS_DEPLOYMENT_TARGET = 17.5;
				MARKETING_VERSION = 1.0;
				PRODUCT_BUNDLE_IDENTIFIER = nicole.ProofYourHealthTests;
				PRODUCT_NAME = "$(TARGET_NAME)";
				SWIFT_EMIT_LOC_STRINGS = NO;
				SWIFT_VERSION = 5.0;
				TARGETED_DEVICE_FAMILY = "1,2";
				TEST_HOST = "$(BUILT_PRODUCTS_DIR)/ProofYourHealth.app/$(BUNDLE_EXECUTABLE_FOLDER_PATH)/ProofYourHealth";
			};
			name = Debug;
		};
		F5E905DF2C7308F000C0B794 /* Release */ = {
			isa = XCBuildConfiguration;
			buildSettings = {
				ALWAYS_EMBED_SWIFT_STANDARD_LIBRARIES = YES;
				BUNDLE_LOADER = "$(TEST_HOST)";
				CODE_SIGN_STYLE = Automatic;
				CURRENT_PROJECT_VERSION = 1;
				GENERATE_INFOPLIST_FILE = YES;
				IPHONEOS_DEPLOYMENT_TARGET = 17.5;
				MARKETING_VERSION = 1.0;
				PRODUCT_BUNDLE_IDENTIFIER = nicole.ProofYourHealthTests;
				PRODUCT_NAME = "$(TARGET_NAME)";
				SWIFT_EMIT_LOC_STRINGS = NO;
				SWIFT_VERSION = 5.0;
				TARGETED_DEVICE_FAMILY = "1,2";
				TEST_HOST = "$(BUILT_PRODUCTS_DIR)/ProofYourHealth.app/$(BUNDLE_EXECUTABLE_FOLDER_PATH)/ProofYourHealth";
			};
			name = Release;
		};
		F5E905E12C7308F000C0B794 /* Debug */ = {
			isa = XCBuildConfiguration;
			buildSettings = {
				ALWAYS_EMBED_SWIFT_STANDARD_LIBRARIES = YES;
				CODE_SIGN_STYLE = Automatic;
				CURRENT_PROJECT_VERSION = 1;
				GENERATE_INFOPLIST_FILE = YES;
				MARKETING_VERSION = 1.0;
				PRODUCT_BUNDLE_IDENTIFIER = nicole.ProofYourHealthUITests;
				PRODUCT_NAME = "$(TARGET_NAME)";
				SWIFT_EMIT_LOC_STRINGS = NO;
				SWIFT_VERSION = 5.0;
				TARGETED_DEVICE_FAMILY = "1,2";
				TEST_TARGET_NAME = ProofYourHealth;
			};
			name = Debug;
		};
		F5E905E22C7308F000C0B794 /* Release */ = {
			isa = XCBuildConfiguration;
			buildSettings = {
				ALWAYS_EMBED_SWIFT_STANDARD_LIBRARIES = YES;
				CODE_SIGN_STYLE = Automatic;
				CURRENT_PROJECT_VERSION = 1;
				GENERATE_INFOPLIST_FILE = YES;
				MARKETING_VERSION = 1.0;
				PRODUCT_BUNDLE_IDENTIFIER = nicole.ProofYourHealthUITests;
				PRODUCT_NAME = "$(TARGET_NAME)";
				SWIFT_EMIT_LOC_STRINGS = NO;
				SWIFT_VERSION = 5.0;
				TARGETED_DEVICE_FAMILY = "1,2";
				TEST_TARGET_NAME = ProofYourHealth;
			};
			name = Release;
		};
/* End XCBuildConfiguration section */

/* Begin XCConfigurationList section */
		F5E905AC2C7308EE00C0B794 /* Build configuration list for PBXProject "ProofYourHealth" */ = {
			isa = XCConfigurationList;
			buildConfigurations = (
				F5E905D82C7308F000C0B794 /* Debug */,
				F5E905D92C7308F000C0B794 /* Release */,
			);
			defaultConfigurationIsVisible = 0;
			defaultConfigurationName = Release;
		};
		F5E905DA2C7308F000C0B794 /* Build configuration list for PBXNativeTarget "ProofYourHealth" */ = {
			isa = XCConfigurationList;
			buildConfigurations = (
				F5E905DB2C7308F000C0B794 /* Debug */,
				F5E905DC2C7308F000C0B794 /* Release */,
			);
			defaultConfigurationIsVisible = 0;
			defaultConfigurationName = Release;
		};
		F5E905DD2C7308F000C0B794 /* Build configuration list for PBXNativeTarget "ProofYourHealthTests" */ = {
			isa = XCConfigurationList;
			buildConfigurations = (
				F5E905DE2C7308F000C0B794 /* Debug */,
				F5E905DF2C7308F000C0B794 /* Release */,
			);
			defaultConfigurationIsVisible = 0;
			defaultConfigurationName = Release;
		};
		F5E905E02C7308F000C0B794 /* Build configuration list for PBXNativeTarget "ProofYourHealthUITests" */ = {
			isa = XCConfigurationList;
			buildConfigurations = (
				F5E905E12C7308F000C0B794 /* Debug */,
				F5E905E22C7308F000C0B794 /* Release */,
			);
			defaultConfigurationIsVisible = 0;
			defaultConfigurationName = Release;
		};
/* End XCConfigurationList section */

/* Begin XCVersionGroup section */
		F5E905BF2C7308F000C0B794 /* ProofYourHealth.xcdatamodeld */ = {
			isa = XCVersionGroup;
			children = (
				F5E905C02C7308F000C0B794 /* ProofYourHealth.xcdatamodel */,
			);
			currentVersion = F5E905C02C7308F000C0B794 /* ProofYourHealth.xcdatamodel */;
			path = ProofYourHealth.xcdatamodeld;
			sourceTree = "<group>";
			versionGroupType = wrapper.xcdatamodel;
		};
/* End XCVersionGroup section */
	};
	rootObject = F5E905A92C7308EE00C0B794 /* Project object */;
}
